{
  "name": "@ecorp/mylib",
  "version": "1.0.2",
  "lockfileVersion": 3,
  "requires": true,
  "packages": {
    "": {
      "name": "@ecorp/mylib",
      "version": "1.0.2",
      "license": "ISC",
      "dependencies": {
        "negotiator": "^0.1.0",
        "st": "^0.2.4"
      }
    },
    "node_modules/async-cache": {
      "version": "0.1.5",
      "resolved": "https://registry.npmjs.org/async-cache/-/async-cache-0.1.5.tgz",
      "integrity": "sha512-aoFDfpJPyHti+KJN36lZMizBa8F79DoY1fTp3sX9Mt+cYRNTsHZktnNPKVZJCzpm/xhbMmvEYqxsul+rTMS8EQ==",
      "deprecated": "No longer maintained. Use [lru-cache](http://npm.im/lru-cache) version 7.6 or higher, and provide an asynchronous `fetchMethod` option.",
      "license": "ISC",
      "dependencies": {
        "lru-cache": "~2.3"
      }
    },
    "node_modules/coffee-script": {
      "version": "1.2.0",
      "resolved": "https://registry.npmjs.org/coffee-script/-/coffee-script-1.2.0.tgz",
      "integrity": "sha512-vHxLlDOeI7/S+R/fr28ZjAhL3g+qcI+YbN0/S3N3yZa2aTh65XwFfbkeje+R3uSu1yQgXW2NvrzYJ7nznvRQaQ==",
      "deprecated": "CoffeeScript on NPM has moved to \"coffeescript\" (no hyphen)",
      "bin": {
        "cake": "bin/cake",
        "coffee": "bin/coffee"
      },
      "engines": {
        "node": ">=0.4.0"
      }
    },
    "node_modules/fd": {
      "version": "0.0.3",
      "resolved": "https://registry.npmjs.org/fd/-/fd-0.0.3.tgz",
      "integrity": "sha512-iAHrIslQb3U68OcMSP0kkNWabp7sSN6d2TBSb2JO3gcLJVDd4owr/hKM4SFJovFOUeeXeItjYgouEDTMWiVAnA==",
      "license": "MIT"
    },
    "node_modules/graceful-fs": {
      "version": "1.2.3",
      "resolved": "https://registry.npmjs.org/graceful-fs/-/graceful-fs-1.2.3.tgz",
      "integrity": "sha512-iiTUZ5vZ+2ZV+h71XAgwCSu6+NAizhFU3Yw8aC/hH5SQ3SnISqEqAek40imAFGtDcwJKNhXvSY+hzIolnLwcdQ==",
      "deprecated": "please upgrade to graceful-fs 4 for compatibility with current and future versions of Node.js",
      "license": "BSD",
      "optional": true,
      "engines": {
        "node": ">=0.4.0"
      }
    },
    "node_modules/lru-cache": {
      "version": "2.3.1",
      "resolved": "https://registry.npmjs.org/lru-cache/-/lru-cache-2.3.1.tgz",
      "integrity": "sha512-EjtmtXFUu+wXm6PW3T6RT1ekQUxobC7B5TDCU0CS0212wzpwKiXs6vLun+JI+OoWmmliWdYqnrpjrlK7W3ELdQ==",
      "license": "MIT"
    },
    "node_modules/mime": {
      "version": "1.2.11",
      "resolved": "https://registry.npmjs.org/mime/-/mime-1.2.11.tgz",
      "integrity": "sha512-Ysa2F/nqTNGHhhm9MV8ure4+Hc+Y8AWiqUdHxsO7xu8zc92ND9f3kpALHjaP026Ft17UfxrMt95c50PLUeynBw=="
    },
    "node_modules/negotiator": {
      "version": "0.1.0",
      "resolved": "https://registry.npmjs.org/negotiator/-/negotiator-0.1.0.tgz",
      "integrity": "sha512-dMHTIPWnLacGEuxm/hk7jruRX5PD9q49opdL/wb+V2EGkj3c/SMinW89SwY2f+goGuJE94iNasyBpYSU8MDSHw==",
      "license": "MIT",
      "dependencies": {
        "coffee-script": "1.2.x",
        "underscore": "1.2.x"
      },
      "engines": {
        "node": "*"
      }
    },
    "node_modules/st": {
      "version": "0.2.4",
      "resolved": "https://registry.npmjs.org/st/-/st-0.2.4.tgz",
      "integrity": "sha512-3xF3j+99oVmpj3ESZKsztF7uZBHgvqGJla/BJbCea/wp1TGKJrcil/ZDN3D8JkRzIEcX1SyGF1d/D2Ce8/OKtg==",
      "deprecated": "Please upgrade to at least 0.2.5 for a security fix",
      "license": "BSD",
      "dependencies": {
        "async-cache": "~0.1.2",
        "fd": "~0.0.2",
        "mime": "~1.2.7",
        "negotiator": "~0.2.5"
      },
      "bin": {
        "st": "bin/server.js"
      },
      "optionalDependencies": {
        "graceful-fs": "~1.2"
      }
    },
    "node_modules/st/node_modules/negotiator": {
      "version": "0.2.8",
      "resolved": "https://registry.npmjs.org/negotiator/-/negotiator-0.2.8.tgz",
      "integrity": "sha512-2iv1EafEsegrlyCHYPn4bMKM0g5wVTNqkdp8AqOggvSLV5znbQfTASWh4eKBqwEcw1awuY8l3U7wX95JSQWFEg==",
      "license": "MIT",
      "engines": {
        "node": "*"
      }
    },
    "node_modules/underscore": {
      "version": "1.2.4",
      "resolved": "https://registry.npmjs.org/underscore/-/underscore-1.2.4.tgz",
      "integrity": "sha512-WvFu6gnoSYDtm/hncQgO00QgFTxlmiw2Uv3DoU7yq5aLD4RhX7cUHO4TDU53JWy5E63Ex4yYsm1+9t2cZvefnQ==",
      "engines": {
        "node": "*"
      }
    }
  }
}
